
Microsoft Visual Studio Solution File, Format Version 12.00
# Visual Studio Version 16
VisualStudioVersion = 16.0.30717.126
MinimumVisualStudioVersion = 10.0.40219.1
Project("{FAE04EC0-301F-11D3-BF4B-00C04F79EFBC}") = "dsPatterns", "dsPatterns\dsPatterns.csproj", "{BC7801AD-FE95-42EA-8303-781C968EB05F}"
EndProject
Global
	GlobalSection(SolutionConfigurationPlatforms) = preSolution
		Debug|Any CPU = Debug|Any CPU
		Release|Any CPU = Release|Any CPU
	EndGlobalSection
	GlobalSection(ProjectConfigurationPlatforms) = postSolution
		{BC7801AD-FE95-42EA-8303-781C968EB05F}.Debug|Any CPU.ActiveCfg = Debug|Any CPU
		{BC7801AD-FE95-42EA-8303-781C968EB05F}.Debug|Any CPU.Build.0 = Debug|Any CPU
		{BC7801AD-FE95-42EA-8303-781C968EB05F}.Release|Any CPU.ActiveCfg = Release|Any CPU
		{BC7801AD-FE95-42EA-8303-781C968EB05F}.Release|Any CPU.Build.0 = Release|Any CPU
	EndGlobalSection
	GlobalSection(SolutionProperties) = preSolution
		HideSolutionNode = FALSE
	EndGlobalSection
	GlobalSection(ExtensibilityGlobals) = postSolution
		SolutionGuid = {5EBA9E5C-C4BE-4CAD-8904-08A56F812AC7}
	EndGlobalSection
EndGlobal
